# This file is automatically @generated by Cargo.
# It is not intended for manual editing.
[[package]]
name = "autocfg"
version = "1.0.1"
source = "registry+https://github.com/rust-lang/crates.io-index"

[[package]]
name = "boolinator"
version = "2.4.0"
source = "registry+https://github.com/rust-lang/crates.io-index"

[[package]]
name = "bumpalo"
version = "3.8.0"
source = "registry+https://github.com/rust-lang/crates.io-index"

[[package]]
name = "cfg-if"
version = "1.0.0"
source = "registry+https://github.com/rust-lang/crates.io-index"

[[package]]
name = "console_error_panic_hook"
version = "0.1.7"
source = "registry+https://github.com/rust-lang/crates.io-index"
dependencies = [
 "cfg-if 1.0.0 (registry+https://github.com/rust-lang/crates.io-index)",
 "wasm-bindgen 0.2.78 (registry+https://github.com/rust-lang/crates.io-index)",
]

[[package]]
name = "gloo"
version = "0.4.2"
source = "registry+https://github.com/rust-lang/crates.io-index"
dependencies = [
 "gloo-console 0.2.1 (registry+https://github.com/rust-lang/crates.io-index)",
 "gloo-dialogs 0.1.0 (registry+https://github.com/rust-lang/crates.io-index)",
 "gloo-events 0.1.1 (registry+https://github.com/rust-lang/crates.io-index)",
 "gloo-file 0.2.0 (registry+https://github.com/rust-lang/crates.io-index)",
 "gloo-render 0.1.0 (registry+https://github.com/rust-lang/crates.io-index)",
 "gloo-storage 0.2.0 (registry+https://github.com/rust-lang/crates.io-index)",
 "gloo-timers 0.2.2 (registry+https://github.com/rust-lang/crates.io-index)",
 "gloo-utils 0.1.1 (registry+https://github.com/rust-lang/crates.io-index)",
]

[[package]]
name = "gloo-console"
version = "0.2.1"
source = "registry+https://github.com/rust-lang/crates.io-index"
dependencies = [
 "js-sys 0.3.55 (registry+https://github.com/rust-lang/crates.io-index)",
 "serde 1.0.131 (registry+https://github.com/rust-lang/crates.io-index)",
 "wasm-bindgen 0.2.78 (registry+https://github.com/rust-lang/crates.io-index)",
 "web-sys 0.3.55 (registry+https://github.com/rust-lang/crates.io-index)",
]

[[package]]
name = "gloo-dialogs"
version = "0.1.0"
source = "registry+https://github.com/rust-lang/crates.io-index"
dependencies = [
 "wasm-bindgen 0.2.78 (registry+https://github.com/rust-lang/crates.io-index)",
 "web-sys 0.3.55 (registry+https://github.com/rust-lang/crates.io-index)",
]

[[package]]
name = "gloo-events"
version = "0.1.1"
source = "registry+https://github.com/rust-lang/crates.io-index"
dependencies = [
 "wasm-bindgen 0.2.78 (registry+https://github.com/rust-lang/crates.io-index)",
 "web-sys 0.3.55 (registry+https://github.com/rust-lang/crates.io-index)",
]

[[package]]
name = "gloo-file"
version = "0.2.0"
source = "registry+https://github.com/rust-lang/crates.io-index"
dependencies = [
 "gloo-events 0.1.1 (registry+https://github.com/rust-lang/crates.io-index)",
 "js-sys 0.3.55 (registry+https://github.com/rust-lang/crates.io-index)",
 "wasm-bindgen 0.2.78 (registry+https://github.com/rust-lang/crates.io-index)",
 "web-sys 0.3.55 (registry+https://github.com/rust-lang/crates.io-index)",
]

[[package]]
name = "gloo-render"
version = "0.1.0"
source = "registry+https://github.com/rust-lang/crates.io-index"
dependencies = [
 "wasm-bindgen 0.2.78 (registry+https://github.com/rust-lang/crates.io-index)",
 "web-sys 0.3.55 (registry+https://github.com/rust-lang/crates.io-index)",
]

[[package]]
name = "gloo-storage"
version = "0.2.0"
source = "registry+https://github.com/rust-lang/crates.io-index"
dependencies = [
 "gloo-utils 0.1.1 (registry+https://github.com/rust-lang/crates.io-index)",
 "js-sys 0.3.55 (registry+https://github.com/rust-lang/crates.io-index)",
 "serde 1.0.131 (registry+https://github.com/rust-lang/crates.io-index)",
 "serde_json 1.0.73 (registry+https://github.com/rust-lang/crates.io-index)",
 "thiserror 1.0.30 (registry+https://github.com/rust-lang/crates.io-index)",
 "wasm-bindgen 0.2.78 (registry+https://github.com/rust-lang/crates.io-index)",
 "web-sys 0.3.55 (registry+https://github.com/rust-lang/crates.io-index)",
]

[[package]]
name = "gloo-timers"
version = "0.2.2"
source = "registry+https://github.com/rust-lang/crates.io-index"
dependencies = [
 "js-sys 0.3.55 (registry+https://github.com/rust-lang/crates.io-index)",
 "wasm-bindgen 0.2.78 (registry+https://github.com/rust-lang/crates.io-index)",
 "web-sys 0.3.55 (registry+https://github.com/rust-lang/crates.io-index)",
]

[[package]]
name = "gloo-utils"
version = "0.1.1"
source = "registry+https://github.com/rust-lang/crates.io-index"
dependencies = [
 "js-sys 0.3.55 (registry+https://github.com/rust-lang/crates.io-index)",
 "wasm-bindgen 0.2.78 (registry+https://github.com/rust-lang/crates.io-index)",
 "web-sys 0.3.55 (registry+https://github.com/rust-lang/crates.io-index)",
]

[[package]]
name = "hashbrown"
version = "0.11.2"
source = "registry+https://github.com/rust-lang/crates.io-index"

[[package]]
name = "hewn"
version = "0.1.0"
dependencies = [
 "yew 0.19.3 (registry+https://github.com/rust-lang/crates.io-index)",
]

[[package]]
name = "indexmap"
version = "1.7.0"
source = "registry+https://github.com/rust-lang/crates.io-index"
dependencies = [
 "autocfg 1.0.1 (registry+https://github.com/rust-lang/crates.io-index)",
 "hashbrown 0.11.2 (registry+https://github.com/rust-lang/crates.io-index)",
]

[[package]]
name = "itoa"
version = "1.0.1"
source = "registry+https://github.com/rust-lang/crates.io-index"

[[package]]
name = "js-sys"
version = "0.3.55"
source = "registry+https://github.com/rust-lang/crates.io-index"
dependencies = [
 "wasm-bindgen 0.2.78 (registry+https://github.com/rust-lang/crates.io-index)",
]

[[package]]
name = "lazy_static"
version = "1.4.0"
source = "registry+https://github.com/rust-lang/crates.io-index"

[[package]]
name = "log"
version = "0.4.14"
source = "registry+https://github.com/rust-lang/crates.io-index"
dependencies = [
 "cfg-if 1.0.0 (registry+https://github.com/rust-lang/crates.io-index)",
]

[[package]]
name = "proc-macro-error"
version = "1.0.4"
source = "registry+https://github.com/rust-lang/crates.io-index"
dependencies = [
 "proc-macro-error-attr 1.0.4 (registry+https://github.com/rust-lang/crates.io-index)",
 "proc-macro2 1.0.34 (registry+https://github.com/rust-lang/crates.io-index)",
 "quote 1.0.10 (registry+https://github.com/rust-lang/crates.io-index)",
 "syn 1.0.82 (registry+https://github.com/rust-lang/crates.io-index)",
 "version_check 0.9.3 (registry+https://github.com/rust-lang/crates.io-index)",
]

[[package]]
name = "proc-macro-error-attr"
version = "1.0.4"
source = "registry+https://github.com/rust-lang/crates.io-index"
dependencies = [
 "proc-macro2 1.0.34 (registry+https://github.com/rust-lang/crates.io-index)",
 "quote 1.0.10 (registry+https://github.com/rust-lang/crates.io-index)",
 "version_check 0.9.3 (registry+https://github.com/rust-lang/crates.io-index)",
]

[[package]]
name = "proc-macro2"
version = "1.0.34"
source = "registry+https://github.com/rust-lang/crates.io-index"
dependencies = [
 "unicode-xid 0.2.2 (registry+https://github.com/rust-lang/crates.io-index)",
]

[[package]]
name = "quote"
version = "1.0.10"
source = "registry+https://github.com/rust-lang/crates.io-index"
dependencies = [
 "proc-macro2 1.0.34 (registry+https://github.com/rust-lang/crates.io-index)",
]

[[package]]
name = "ryu"
version = "1.0.9"
source = "registry+https://github.com/rust-lang/crates.io-index"

[[package]]
name = "scoped-tls-hkt"
version = "0.1.2"
source = "registry+https://github.com/rust-lang/crates.io-index"

[[package]]
name = "serde"
version = "1.0.131"
source = "registry+https://github.com/rust-lang/crates.io-index"
dependencies = [
 "serde_derive 1.0.131 (registry+https://github.com/rust-lang/crates.io-index)",
]

[[package]]
name = "serde_derive"
version = "1.0.131"
source = "registry+https://github.com/rust-lang/crates.io-index"
dependencies = [
 "proc-macro2 1.0.34 (registry+https://github.com/rust-lang/crates.io-index)",
 "quote 1.0.10 (registry+https://github.com/rust-lang/crates.io-index)",
 "syn 1.0.82 (registry+https://github.com/rust-lang/crates.io-index)",
]

[[package]]
name = "serde_json"
version = "1.0.73"
source = "registry+https://github.com/rust-lang/crates.io-index"
dependencies = [
 "itoa 1.0.1 (registry+https://github.com/rust-lang/crates.io-index)",
 "ryu 1.0.9 (registry+https://github.com/rust-lang/crates.io-index)",
 "serde 1.0.131 (registry+https://github.com/rust-lang/crates.io-index)",
]

[[package]]
name = "slab"
version = "0.4.5"
source = "registry+https://github.com/rust-lang/crates.io-index"

[[package]]
name = "syn"
version = "1.0.82"
source = "registry+https://github.com/rust-lang/crates.io-index"
dependencies = [
 "proc-macro2 1.0.34 (registry+https://github.com/rust-lang/crates.io-index)",
 "quote 1.0.10 (registry+https://github.com/rust-lang/crates.io-index)",
 "unicode-xid 0.2.2 (registry+https://github.com/rust-lang/crates.io-index)",
]

[[package]]
name = "thiserror"
version = "1.0.30"
source = "registry+https://github.com/rust-lang/crates.io-index"
dependencies = [
 "thiserror-impl 1.0.30 (registry+https://github.com/rust-lang/crates.io-index)",
]

[[package]]
name = "thiserror-impl"
version = "1.0.30"
source = "registry+https://github.com/rust-lang/crates.io-index"
dependencies = [
 "proc-macro2 1.0.34 (registry+https://github.com/rust-lang/crates.io-index)",
 "quote 1.0.10 (registry+https://github.com/rust-lang/crates.io-index)",
 "syn 1.0.82 (registry+https://github.com/rust-lang/crates.io-index)",
]

[[package]]
name = "unicode-xid"
version = "0.2.2"
source = "registry+https://github.com/rust-lang/crates.io-index"

[[package]]
name = "version_check"
version = "0.9.3"
source = "registry+https://github.com/rust-lang/crates.io-index"

[[package]]
name = "wasm-bindgen"
version = "0.2.78"
source = "registry+https://github.com/rust-lang/crates.io-index"
dependencies = [
 "cfg-if 1.0.0 (registry+https://github.com/rust-lang/crates.io-index)",
 "serde 1.0.131 (registry+https://github.com/rust-lang/crates.io-index)",
 "serde_json 1.0.73 (registry+https://github.com/rust-lang/crates.io-index)",
 "wasm-bindgen-macro 0.2.78 (registry+https://github.com/rust-lang/crates.io-index)",
]

[[package]]
name = "wasm-bindgen-backend"
version = "0.2.78"
source = "registry+https://github.com/rust-lang/crates.io-index"
dependencies = [
 "bumpalo 3.8.0 (registry+https://github.com/rust-lang/crates.io-index)",
 "lazy_static 1.4.0 (registry+https://github.com/rust-lang/crates.io-index)",
 "log 0.4.14 (registry+https://github.com/rust-lang/crates.io-index)",
 "proc-macro2 1.0.34 (registry+https://github.com/rust-lang/crates.io-index)",
 "quote 1.0.10 (registry+https://github.com/rust-lang/crates.io-index)",
 "syn 1.0.82 (registry+https://github.com/rust-lang/crates.io-index)",
 "wasm-bindgen-shared 0.2.78 (registry+https://github.com/rust-lang/crates.io-index)",
]

[[package]]
name = "wasm-bindgen-futures"
version = "0.4.28"
source = "registry+https://github.com/rust-lang/crates.io-index"
dependencies = [
 "cfg-if 1.0.0 (registry+https://github.com/rust-lang/crates.io-index)",
 "js-sys 0.3.55 (registry+https://github.com/rust-lang/crates.io-index)",
 "wasm-bindgen 0.2.78 (registry+https://github.com/rust-lang/crates.io-index)",
 "web-sys 0.3.55 (registry+https://github.com/rust-lang/crates.io-index)",
]

[[package]]
name = "wasm-bindgen-macro"
version = "0.2.78"
source = "registry+https://github.com/rust-lang/crates.io-index"
dependencies = [
 "quote 1.0.10 (registry+https://github.com/rust-lang/crates.io-index)",
 "wasm-bindgen-macro-support 0.2.78 (registry+https://github.com/rust-lang/crates.io-index)",
]

[[package]]
name = "wasm-bindgen-macro-support"
version = "0.2.78"
source = "registry+https://github.com/rust-lang/crates.io-index"
dependencies = [
 "proc-macro2 1.0.34 (registry+https://github.com/rust-lang/crates.io-index)",
 "quote 1.0.10 (registry+https://github.com/rust-lang/crates.io-index)",
 "syn 1.0.82 (registry+https://github.com/rust-lang/crates.io-index)",
 "wasm-bindgen-backend 0.2.78 (registry+https://github.com/rust-lang/crates.io-index)",
 "wasm-bindgen-shared 0.2.78 (registry+https://github.com/rust-lang/crates.io-index)",
]

[[package]]
name = "wasm-bindgen-shared"
version = "0.2.78"
source = "registry+https://github.com/rust-lang/crates.io-index"

[[package]]
name = "web-sys"
version = "0.3.55"
source = "registry+https://github.com/rust-lang/crates.io-index"
dependencies = [
 "js-sys 0.3.55 (registry+https://github.com/rust-lang/crates.io-index)",
 "wasm-bindgen 0.2.78 (registry+https://github.com/rust-lang/crates.io-index)",
]

[[package]]
name = "yew"
version = "0.19.3"
source = "registry+https://github.com/rust-lang/crates.io-index"
dependencies = [
 "console_error_panic_hook 0.1.7 (registry+https://github.com/rust-lang/crates.io-index)",
 "gloo 0.4.2 (registry+https://github.com/rust-lang/crates.io-index)",
 "gloo-utils 0.1.1 (registry+https://github.com/rust-lang/crates.io-index)",
 "indexmap 1.7.0 (registry+https://github.com/rust-lang/crates.io-index)",
 "js-sys 0.3.55 (registry+https://github.com/rust-lang/crates.io-index)",
 "scoped-tls-hkt 0.1.2 (registry+https://github.com/rust-lang/crates.io-index)",
 "slab 0.4.5 (registry+https://github.com/rust-lang/crates.io-index)",
 "wasm-bindgen 0.2.78 (registry+https://github.com/rust-lang/crates.io-index)",
 "wasm-bindgen-futures 0.4.28 (registry+https://github.com/rust-lang/crates.io-index)",
 "web-sys 0.3.55 (registry+https://github.com/rust-lang/crates.io-index)",
 "yew-macro 0.19.3 (registry+https://github.com/rust-lang/crates.io-index)",
]

[[package]]
name = "yew-macro"
version = "0.19.3"
source = "registry+https://github.com/rust-lang/crates.io-index"
dependencies = [
 "boolinator 2.4.0 (registry+https://github.com/rust-lang/crates.io-index)",
 "lazy_static 1.4.0 (registry+https://github.com/rust-lang/crates.io-index)",
 "proc-macro-error 1.0.4 (registry+https://github.com/rust-lang/crates.io-index)",
 "proc-macro2 1.0.34 (registry+https://github.com/rust-lang/crates.io-index)",
 "quote 1.0.10 (registry+https://github.com/rust-lang/crates.io-index)",
 "syn 1.0.82 (registry+https://github.com/rust-lang/crates.io-index)",
]

[metadata]
"checksum autocfg 1.0.1 (registry+https://github.com/rust-lang/crates.io-index)" = "cdb031dd78e28731d87d56cc8ffef4a8f36ca26c38fe2de700543e627f8a464a"
"checksum boolinator 2.4.0 (registry+https://github.com/rust-lang/crates.io-index)" = "cfa8873f51c92e232f9bac4065cddef41b714152812bfc5f7672ba16d6ef8cd9"
"checksum bumpalo 3.8.0 (registry+https://github.com/rust-lang/crates.io-index)" = "8f1e260c3a9040a7c19a12468758f4c16f31a81a1fe087482be9570ec864bb6c"
"checksum cfg-if 1.0.0 (registry+https://github.com/rust-lang/crates.io-index)" = "baf1de4339761588bc0619e3cbc0120ee582ebb74b53b4efbf79117bd2da40fd"
"checksum console_error_panic_hook 0.1.7 (registry+https://github.com/rust-lang/crates.io-index)" = "a06aeb73f470f66dcdbf7223caeebb85984942f22f1adb2a088cf9668146bbbc"
"checksum gloo 0.4.2 (registry+https://github.com/rust-lang/crates.io-index)" = "23947965eee55e3e97a5cd142dd4c10631cc349b48cecca0ed230fd296f568cd"
"checksum gloo-console 0.2.1 (registry+https://github.com/rust-lang/crates.io-index)" = "3907f786f65bbb4f419e918b0c5674175ef1c231ecda93b2dbd65fd1e8882637"
"checksum gloo-dialogs 0.1.0 (registry+https://github.com/rust-lang/crates.io-index)" = "4ffb557a2ea2ed283f1334423d303a336fad55fb8572d51ae488f828b1464b40"
"checksum gloo-events 0.1.1 (registry+https://github.com/rust-lang/crates.io-index)" = "088514ec8ef284891c762c88a66b639b3a730134714692ee31829765c5bc814f"
"checksum gloo-file 0.2.0 (registry+https://github.com/rust-lang/crates.io-index)" = "d31ba1f51868ae10a0b665c6dccd5ed967486e7c17055d1c889596ee983be493"
"checksum gloo-render 0.1.0 (registry+https://github.com/rust-lang/crates.io-index)" = "5b4cda6e149df3bb4a3c6a343873903e5bcc2448a9877d61bb8274806ad67f6e"
"checksum gloo-storage 0.2.0 (registry+https://github.com/rust-lang/crates.io-index)" = "1b5057761927af1b1929d02b1f49cf83553dd347a473ee7c8bb08420f2673ffc"
"checksum gloo-timers 0.2.2 (registry+https://github.com/rust-lang/crates.io-index)" = "6f16c88aa13d2656ef20d1c042086b8767bbe2bdb62526894275a1b062161b2e"
"checksum gloo-utils 0.1.1 (registry+https://github.com/rust-lang/crates.io-index)" = "3d77d28d9a6f7c384d9e40293fa11f05558bf928a993208e12528ee6633cb415"
"checksum hashbrown 0.11.2 (registry+https://github.com/rust-lang/crates.io-index)" = "ab5ef0d4909ef3724cc8cce6ccc8572c5c817592e9285f5464f8e86f8bd3726e"
"checksum indexmap 1.7.0 (registry+https://github.com/rust-lang/crates.io-index)" = "bc633605454125dec4b66843673f01c7df2b89479b32e0ed634e43a91cff62a5"
"checksum itoa 1.0.1 (registry+https://github.com/rust-lang/crates.io-index)" = "1aab8fc367588b89dcee83ab0fd66b72b50b72fa1904d7095045ace2b0c81c35"
"checksum js-sys 0.3.55 (registry+https://github.com/rust-lang/crates.io-index)" = "7cc9ffccd38c451a86bf13657df244e9c3f37493cce8e5e21e940963777acc84"
"checksum lazy_static 1.4.0 (registry+https://github.com/rust-lang/crates.io-index)" = "e2abad23fbc42b3700f2f279844dc832adb2b2eb069b2df918f455c4e18cc646"
"checksum log 0.4.14 (registry+https://github.com/rust-lang/crates.io-index)" = "51b9bbe6c47d51fc3e1a9b945965946b4c44142ab8792c50835a980d362c2710"
"checksum proc-macro-error 1.0.4 (registry+https://github.com/rust-lang/crates.io-index)" = "da25490ff9892aab3fcf7c36f08cfb902dd3e71ca0f9f9517bea02a73a5ce38c"
"checksum proc-macro-error-attr 1.0.4 (registry+https://github.com/rust-lang/crates.io-index)" = "a1be40180e52ecc98ad80b184934baf3d0d29f979574e439af5a55274b35f869"
"checksum proc-macro2 1.0.34 (registry+https://github.com/rust-lang/crates.io-index)" = "2f84e92c0f7c9d58328b85a78557813e4bd845130db68d7184635344399423b1"
"checksum quote 1.0.10 (registry+https://github.com/rust-lang/crates.io-index)" = "38bc8cc6a5f2e3655e0899c1b848643b2562f853f114bfec7be120678e3ace05"
"checksum ryu 1.0.9 (registry+https://github.com/rust-lang/crates.io-index)" = "73b4b750c782965c211b42f022f59af1fbceabdd026623714f104152f1ec149f"
"checksum scoped-tls-hkt 0.1.2 (registry+https://github.com/rust-lang/crates.io-index)" = "c2e9d7eaddb227e8fbaaa71136ae0e1e913ca159b86c7da82f3e8f0044ad3a63"
"checksum serde 1.0.131 (registry+https://github.com/rust-lang/crates.io-index)" = "b4ad69dfbd3e45369132cc64e6748c2d65cdfb001a2b1c232d128b4ad60561c1"
"checksum serde_derive 1.0.131 (registry+https://github.com/rust-lang/crates.io-index)" = "b710a83c4e0dff6a3d511946b95274ad9ca9e5d3ae497b63fda866ac955358d2"
"checksum serde_json 1.0.73 (registry+https://github.com/rust-lang/crates.io-index)" = "bcbd0344bc6533bc7ec56df11d42fb70f1b912351c0825ccb7211b59d8af7cf5"
"checksum slab 0.4.5 (registry+https://github.com/rust-lang/crates.io-index)" = "9def91fd1e018fe007022791f865d0ccc9b3a0d5001e01aabb8b40e46000afb5"
"checksum syn 1.0.82 (registry+https://github.com/rust-lang/crates.io-index)" = "8daf5dd0bb60cbd4137b1b587d2fc0ae729bc07cf01cd70b36a1ed5ade3b9d59"
"checksum thiserror 1.0.30 (registry+https://github.com/rust-lang/crates.io-index)" = "854babe52e4df1653706b98fcfc05843010039b406875930a70e4d9644e5c417"
"checksum thiserror-impl 1.0.30 (registry+https://github.com/rust-lang/crates.io-index)" = "aa32fd3f627f367fe16f893e2597ae3c05020f8bba2666a4e6ea73d377e5714b"
"checksum unicode-xid 0.2.2 (registry+https://github.com/rust-lang/crates.io-index)" = "8ccb82d61f80a663efe1f787a51b16b5a51e3314d6ac365b08639f52387b33f3"
"checksum version_check 0.9.3 (registry+https://github.com/rust-lang/crates.io-index)" = "5fecdca9a5291cc2b8dcf7dc02453fee791a280f3743cb0905f8822ae463b3fe"
"checksum wasm-bindgen 0.2.78 (registry+https://github.com/rust-lang/crates.io-index)" = "632f73e236b219150ea279196e54e610f5dbafa5d61786303d4da54f84e47fce"
"checksum wasm-bindgen-backend 0.2.78 (registry+https://github.com/rust-lang/crates.io-index)" = "a317bf8f9fba2476b4b2c85ef4c4af8ff39c3c7f0cdfeed4f82c34a880aa837b"
"checksum wasm-bindgen-futures 0.4.28 (registry+https://github.com/rust-lang/crates.io-index)" = "8e8d7523cb1f2a4c96c1317ca690031b714a51cc14e05f712446691f413f5d39"
"checksum wasm-bindgen-macro 0.2.78 (registry+https://github.com/rust-lang/crates.io-index)" = "d56146e7c495528bf6587663bea13a8eb588d39b36b679d83972e1a2dbbdacf9"
"checksum wasm-bindgen-macro-support 0.2.78 (registry+https://github.com/rust-lang/crates.io-index)" = "7803e0eea25835f8abdc585cd3021b3deb11543c6fe226dcd30b228857c5c5ab"
"checksum wasm-bindgen-shared 0.2.78 (registry+https://github.com/rust-lang/crates.io-index)" = "0237232789cf037d5480773fe568aac745bfe2afbc11a863e97901780a6b47cc"
"checksum web-sys 0.3.55 (registry+https://github.com/rust-lang/crates.io-index)" = "38eb105f1c59d9eaa6b5cdc92b859d85b926e82cb2e0945cd0c9259faa6fe9fb"
"checksum yew 0.19.3 (registry+https://github.com/rust-lang/crates.io-index)" = "2a1ccb53e57d3f7d847338cf5758befa811cabe207df07f543c06f502f9998cd"
"checksum yew-macro 0.19.3 (registry+https://github.com/rust-lang/crates.io-index)" = "5fab79082b556d768d6e21811869c761893f0450e1d550a67892b9bce303b7bb"
